
Microsoft Visual Studio Solution File, Format Version 12.00
# Visual Studio Version 17
VisualStudioVersion = 17.1.32407.343
MinimumVisualStudioVersion = 10.0.40219.1
Project("{FAE04EC0-301F-11D3-BF4B-00C04F79EFBC}") = "Triangulare_cu_diagonale", "Triangulare_cu_diagonale.csproj", "{66349D28-9FBF-4D57-A180-B37103B9CDB0}"
EndProject
Global
	GlobalSection(SolutionConfigurationPlatforms) = preSolution
		Debug|Any CPU = Debug|Any CPU
		Release|Any CPU = Release|Any CPU
	EndGlobalSection
	GlobalSection(ProjectConfigurationPlatforms) = postSolution
		{66349D28-9FBF-4D57-A180-B37103B9CDB0}.Debug|Any CPU.ActiveCfg = Debug|Any CPU
		{66349D28-9FBF-4D57-A180-B37103B9CDB0}.Debug|Any CPU.Build.0 = Debug|Any CPU
		{66349D28-9FBF-4D57-A180-B37103B9CDB0}.Release|Any CPU.ActiveCfg = Release|Any CPU
		{66349D28-9FBF-4D57-A180-B37103B9CDB0}.Release|Any CPU.Build.0 = Release|Any CPU
	EndGlobalSection
	GlobalSection(SolutionProperties) = preSolution
		HideSolutionNode = FALSE
	EndGlobalSection
	GlobalSection(ExtensibilityGlobals) = postSolution
		SolutionGuid = {6888C733-752D-4800-8F91-04AA48207F67}
	EndGlobalSection
EndGlobal
