
Microsoft Visual Studio Solution File, Format Version 12.00
# Visual Studio Version 17
VisualStudioVersion = 17.1.32407.343
MinimumVisualStudioVersion = 10.0.40219.1
Project("{FAE04EC0-301F-11D3-BF4B-00C04F79EFBC}") = "Triangularea_unui_poligon_monoton", "Triangularea_unui_poligon_monoton.csproj", "{B1BC5FEA-AB70-491C-9704-DA4559D744BC}"
EndProject
Global
	GlobalSection(SolutionConfigurationPlatforms) = preSolution
		Debug|Any CPU = Debug|Any CPU
		Release|Any CPU = Release|Any CPU
	EndGlobalSection
	GlobalSection(ProjectConfigurationPlatforms) = postSolution
		{B1BC5FEA-AB70-491C-9704-DA4559D744BC}.Debug|Any CPU.ActiveCfg = Debug|Any CPU
		{B1BC5FEA-AB70-491C-9704-DA4559D744BC}.Debug|Any CPU.Build.0 = Debug|Any CPU
		{B1BC5FEA-AB70-491C-9704-DA4559D744BC}.Release|Any CPU.ActiveCfg = Release|Any CPU
		{B1BC5FEA-AB70-491C-9704-DA4559D744BC}.Release|Any CPU.Build.0 = Release|Any CPU
	EndGlobalSection
	GlobalSection(SolutionProperties) = preSolution
		HideSolutionNode = FALSE
	EndGlobalSection
	GlobalSection(ExtensibilityGlobals) = postSolution
		SolutionGuid = {70C73151-0626-4D3E-A899-0842D7FB37C4}
	EndGlobalSection
EndGlobal
