
Microsoft Visual Studio Solution File, Format Version 12.00
# Visual Studio Version 17
VisualStudioVersion = 17.1.32407.343
MinimumVisualStudioVersion = 10.0.40219.1
Project("{FAE04EC0-301F-11D3-BF4B-00C04F79EFBC}") = "Jarvis_Convex_Hull", "Jarvis_Convex_Hull.csproj", "{3FDD0502-B0C6-4014-BEEB-8B4B1EC015F0}"
EndProject
Global
	GlobalSection(SolutionConfigurationPlatforms) = preSolution
		Debug|Any CPU = Debug|Any CPU
		Release|Any CPU = Release|Any CPU
	EndGlobalSection
	GlobalSection(ProjectConfigurationPlatforms) = postSolution
		{3FDD0502-B0C6-4014-BEEB-8B4B1EC015F0}.Debug|Any CPU.ActiveCfg = Debug|Any CPU
		{3FDD0502-B0C6-4014-BEEB-8B4B1EC015F0}.Debug|Any CPU.Build.0 = Debug|Any CPU
		{3FDD0502-B0C6-4014-BEEB-8B4B1EC015F0}.Release|Any CPU.ActiveCfg = Release|Any CPU
		{3FDD0502-B0C6-4014-BEEB-8B4B1EC015F0}.Release|Any CPU.Build.0 = Release|Any CPU
	EndGlobalSection
	GlobalSection(SolutionProperties) = preSolution
		HideSolutionNode = FALSE
	EndGlobalSection
	GlobalSection(ExtensibilityGlobals) = postSolution
		SolutionGuid = {B1DCFD89-B9B9-4FB4-891F-3A911C4B06D2}
	EndGlobalSection
EndGlobal
