
Microsoft Visual Studio Solution File, Format Version 12.00
# Visual Studio Version 17
VisualStudioVersion = 17.1.32407.343
MinimumVisualStudioVersion = 10.0.40219.1
Project("{FAE04EC0-301F-11D3-BF4B-00C04F79EFBC}") = "Triunghi_de_arie_minima", "Triunghi_de_arie_minima.csproj", "{04E51705-6605-4D8F-92FF-9BDF147AA22A}"
EndProject
Global
	GlobalSection(SolutionConfigurationPlatforms) = preSolution
		Debug|Any CPU = Debug|Any CPU
		Release|Any CPU = Release|Any CPU
	EndGlobalSection
	GlobalSection(ProjectConfigurationPlatforms) = postSolution
		{04E51705-6605-4D8F-92FF-9BDF147AA22A}.Debug|Any CPU.ActiveCfg = Debug|Any CPU
		{04E51705-6605-4D8F-92FF-9BDF147AA22A}.Debug|Any CPU.Build.0 = Debug|Any CPU
		{04E51705-6605-4D8F-92FF-9BDF147AA22A}.Release|Any CPU.ActiveCfg = Release|Any CPU
		{04E51705-6605-4D8F-92FF-9BDF147AA22A}.Release|Any CPU.Build.0 = Release|Any CPU
	EndGlobalSection
	GlobalSection(SolutionProperties) = preSolution
		HideSolutionNode = FALSE
	EndGlobalSection
	GlobalSection(ExtensibilityGlobals) = postSolution
		SolutionGuid = {B8C7D63C-B376-4699-BCB1-91DD5F0301CF}
	EndGlobalSection
EndGlobal
